
Microsoft Visual Studio Solution File, Format Version 12.00
# Visual Studio Version 17
VisualStudioVersion = 17.12.35521.163
MinimumVisualStudioVersion = 10.0.40219.1
Project("{FAE04EC0-301F-11D3-BF4B-00C04F79EFBC}") = "ApiRetouchAgency", "RetouchAgency\ApiRetouchAgency.csproj", "{04FFA65A-A87C-488F-BF08-CE4720885D29}"
EndProject
Project("{FAE04EC0-301F-11D3-BF4B-00C04F79EFBC}") = "BLL", "BLL\BLL.csproj", "{E8FBDE6F-D3BA-4DDE-ACC0-62A19CBEEE05}"
EndProject
Project("{FAE04EC0-301F-11D3-BF4B-00C04F79EFBC}") = "DAL", "DAL\DAL.csproj", "{C3291538-AD8F-4732-A089-8625CE8862F3}"
EndProject
Global
	GlobalSection(SolutionConfigurationPlatforms) = preSolution
		Debug|Any CPU = Debug|Any CPU
		Release|Any CPU = Release|Any CPU
	EndGlobalSection
	GlobalSection(ProjectConfigurationPlatforms) = postSolution
		{04FFA65A-A87C-488F-BF08-CE4720885D29}.Debug|Any CPU.ActiveCfg = Debug|Any CPU
		{04FFA65A-A87C-488F-BF08-CE4720885D29}.Debug|Any CPU.Build.0 = Debug|Any CPU
		{04FFA65A-A87C-488F-BF08-CE4720885D29}.Release|Any CPU.ActiveCfg = Release|Any CPU
		{04FFA65A-A87C-488F-BF08-CE4720885D29}.Release|Any CPU.Build.0 = Release|Any CPU
		{E8FBDE6F-D3BA-4DDE-ACC0-62A19CBEEE05}.Debug|Any CPU.ActiveCfg = Debug|Any CPU
		{E8FBDE6F-D3BA-4DDE-ACC0-62A19CBEEE05}.Debug|Any CPU.Build.0 = Debug|Any CPU
		{E8FBDE6F-D3BA-4DDE-ACC0-62A19CBEEE05}.Release|Any CPU.ActiveCfg = Release|Any CPU
		{E8FBDE6F-D3BA-4DDE-ACC0-62A19CBEEE05}.Release|Any CPU.Build.0 = Release|Any CPU
		{C3291538-AD8F-4732-A089-8625CE8862F3}.Debug|Any CPU.ActiveCfg = Debug|Any CPU
		{C3291538-AD8F-4732-A089-8625CE8862F3}.Debug|Any CPU.Build.0 = Debug|Any CPU
		{C3291538-AD8F-4732-A089-8625CE8862F3}.Release|Any CPU.ActiveCfg = Release|Any CPU
		{C3291538-AD8F-4732-A089-8625CE8862F3}.Release|Any CPU.Build.0 = Release|Any CPU
	EndGlobalSection
	GlobalSection(SolutionProperties) = preSolution
		HideSolutionNode = FALSE
	EndGlobalSection
	GlobalSection(ExtensibilityGlobals) = postSolution
		SolutionGuid = {C62F5D13-2911-46FE-B48D-19985648959A}
	EndGlobalSection
EndGlobal
